{
  "name": "django-globus-portal-framework-example",
  "lockfileVersion": 2,
  "requires": true,
  "packages": {
    "": {
      "devDependencies": {
        "@types/google.maps": "^3.50.5",
        "@types/node": "^18.11.9"
      }
    },
    "node_modules/@types/google.maps": {
      "version": "3.50.5",
      "resolved": "https://registry.npmjs.org/@types/google.maps/-/google.maps-3.50.5.tgz",
      "integrity": "sha512-RuZf1MJtctGlpW+Gd4a/eGtAufUDjMf+eyN1l+B3fbe2YLScJbg8KEljJfb+6vnSPFAeM1/48geVIEg3vqOkxw==",
      "dev": true
    },
    "node_modules/@types/node": {
      "version": "18.11.9",
      "resolved": "https://registry.npmjs.org/@types/node/-/node-18.11.9.tgz",
      "integrity": "sha512-CRpX21/kGdzjOpFsZSkcrXMGIBWMGNIHXXBVFSH+ggkftxg+XYP20TESbh+zFvFj3EQOl5byk0HTRn1IL6hbqg==",
      "dev": true
    }
  },
  "dependencies": {
    "@types/google.maps": {
      "version": "3.50.5",
      "resolved": "https://registry.npmjs.org/@types/google.maps/-/google.maps-3.50.5.tgz",
      "integrity": "sha512-RuZf1MJtctGlpW+Gd4a/eGtAufUDjMf+eyN1l+B3fbe2YLScJbg8KEljJfb+6vnSPFAeM1/48geVIEg3vqOkxw==",
      "dev": true
    },
    "@types/node": {
      "version": "18.11.9",
      "resolved": "https://registry.npmjs.org/@types/node/-/node-18.11.9.tgz",
      "integrity": "sha512-CRpX21/kGdzjOpFsZSkcrXMGIBWMGNIHXXBVFSH+ggkftxg+XYP20TESbh+zFvFj3EQOl5byk0HTRn1IL6hbqg==",
      "dev": true
    }
  }
}
